
Microsoft Visual Studio Solution File, Format Version 12.00
# Visual Studio 15
VisualStudioVersion = 15.0.28010.2046
MinimumVisualStudioVersion = 10.0.40219.1
Project("{FAE04EC0-301F-11D3-BF4B-00C04F79EFBC}") = "TPC2", "TPC2\TPC2.csproj", "{3F0FD67D-D5B8-46C2-B283-ECAECC4AA63E}"
EndProject
Global
	GlobalSection(SolutionConfigurationPlatforms) = preSolution
		Debug|x86 = Debug|x86
		Release|x86 = Release|x86
	EndGlobalSection
	GlobalSection(ProjectConfigurationPlatforms) = postSolution
		{3F0FD67D-D5B8-46C2-B283-ECAECC4AA63E}.Debug|x86.ActiveCfg = Debug|x86
		{3F0FD67D-D5B8-46C2-B283-ECAECC4AA63E}.Debug|x86.Build.0 = Debug|x86
		{3F0FD67D-D5B8-46C2-B283-ECAECC4AA63E}.Release|x86.ActiveCfg = Release|x86
		{3F0FD67D-D5B8-46C2-B283-ECAECC4AA63E}.Release|x86.Build.0 = Release|x86
	EndGlobalSection
	GlobalSection(SolutionProperties) = preSolution
		HideSolutionNode = FALSE
	EndGlobalSection
	GlobalSection(ExtensibilityGlobals) = postSolution
		SolutionGuid = {EA9FB61C-8AEB-4555-817E-C595B1EC5A73}
	EndGlobalSection
EndGlobal
